
Microsoft Visual Studio Solution File, Format Version 12.00
Project("{FAE04EC0-301F-11D3-BF4B-00C04F79EFBC}") = "IrregularVerbsBot", "IrregularVerbsBot\IrregularVerbsBot.csproj", "{95F6D255-FBFD-4459-9C65-BA202814CE08}"
EndProject
Global
	GlobalSection(SolutionConfigurationPlatforms) = preSolution
		Debug|Any CPU = Debug|Any CPU
		Release|Any CPU = Release|Any CPU
	EndGlobalSection
	GlobalSection(ProjectConfigurationPlatforms) = postSolution
		{95F6D255-FBFD-4459-9C65-BA202814CE08}.Debug|Any CPU.ActiveCfg = Debug|Any CPU
		{95F6D255-FBFD-4459-9C65-BA202814CE08}.Debug|Any CPU.Build.0 = Debug|Any CPU
		{95F6D255-FBFD-4459-9C65-BA202814CE08}.Release|Any CPU.ActiveCfg = Release|Any CPU
		{95F6D255-FBFD-4459-9C65-BA202814CE08}.Release|Any CPU.Build.0 = Release|Any CPU
	EndGlobalSection
EndGlobal
